
Microsoft Visual Studio Solution File, Format Version 12.00
# Visual Studio Version 17
VisualStudioVersion = 17.9.34607.119
MinimumVisualStudioVersion = 10.0.40219.1
Project("{FAE04EC0-301F-11D3-BF4B-00C04F79EFBC}") = "Alican", "Alican\Alican.csproj", "{F9429C91-4C35-479E-9AF0-BEAF5E58E8FE}"
EndProject
Global
	GlobalSection(SolutionConfigurationPlatforms) = preSolution
		Debug|Any CPU = Debug|Any CPU
		Release|Any CPU = Release|Any CPU
	EndGlobalSection
	GlobalSection(ProjectConfigurationPlatforms) = postSolution
		{F9429C91-4C35-479E-9AF0-BEAF5E58E8FE}.Debug|Any CPU.ActiveCfg = Debug|Any CPU
		{F9429C91-4C35-479E-9AF0-BEAF5E58E8FE}.Debug|Any CPU.Build.0 = Debug|Any CPU
		{F9429C91-4C35-479E-9AF0-BEAF5E58E8FE}.Release|Any CPU.ActiveCfg = Release|Any CPU
		{F9429C91-4C35-479E-9AF0-BEAF5E58E8FE}.Release|Any CPU.Build.0 = Release|Any CPU
	EndGlobalSection
	GlobalSection(SolutionProperties) = preSolution
		HideSolutionNode = FALSE
	EndGlobalSection
	GlobalSection(ExtensibilityGlobals) = postSolution
		SolutionGuid = {3040EB1F-DB18-441C-827C-405DDAF74D0E}
	EndGlobalSection
EndGlobal
